
Microsoft Visual Studio Solution File, Format Version 12.00
# Visual Studio Version 17
VisualStudioVersion = 17.14.36414.22 d17.14
MinimumVisualStudioVersion = 10.0.40219.1
Project("{FAE04EC0-301F-11D3-BF4B-00C04F79EFBC}") = "Course", "Course\Course.csproj", "{D5F3F3CA-8F4C-4BF6-9F72-0BA0D9476AA7}"
EndProject
Global
	GlobalSection(SolutionConfigurationPlatforms) = preSolution
		Debug|Any CPU = Debug|Any CPU
		Release|Any CPU = Release|Any CPU
	EndGlobalSection
	GlobalSection(ProjectConfigurationPlatforms) = postSolution
		{D5F3F3CA-8F4C-4BF6-9F72-0BA0D9476AA7}.Debug|Any CPU.ActiveCfg = Debug|Any CPU
		{D5F3F3CA-8F4C-4BF6-9F72-0BA0D9476AA7}.Debug|Any CPU.Build.0 = Debug|Any CPU
		{D5F3F3CA-8F4C-4BF6-9F72-0BA0D9476AA7}.Release|Any CPU.ActiveCfg = Release|Any CPU
		{D5F3F3CA-8F4C-4BF6-9F72-0BA0D9476AA7}.Release|Any CPU.Build.0 = Release|Any CPU
	EndGlobalSection
	GlobalSection(SolutionProperties) = preSolution
		HideSolutionNode = FALSE
	EndGlobalSection
	GlobalSection(ExtensibilityGlobals) = postSolution
		SolutionGuid = {002ABBA7-7773-4245-8254-C45E0217B92A}
	EndGlobalSection
EndGlobal
